
Microsoft Visual Studio Solution File, Format Version 12.00
# Visual Studio Version 17
VisualStudioVersion = 17.6.33829.357
MinimumVisualStudioVersion = 10.0.40219.1
Project("{FAE04EC0-301F-11D3-BF4B-00C04F79EFBC}") = "RegisterUserAndLogin", "RegisterUserAndLogin\RegisterUserAndLogin.csproj", "{A69FF413-764E-403F-9AB0-84BE6C8FA3F0}"
EndProject
Global
	GlobalSection(SolutionConfigurationPlatforms) = preSolution
		Debug|Any CPU = Debug|Any CPU
		Release|Any CPU = Release|Any CPU
	EndGlobalSection
	GlobalSection(ProjectConfigurationPlatforms) = postSolution
		{A69FF413-764E-403F-9AB0-84BE6C8FA3F0}.Debug|Any CPU.ActiveCfg = Debug|Any CPU
		{A69FF413-764E-403F-9AB0-84BE6C8FA3F0}.Debug|Any CPU.Build.0 = Debug|Any CPU
		{A69FF413-764E-403F-9AB0-84BE6C8FA3F0}.Release|Any CPU.ActiveCfg = Release|Any CPU
		{A69FF413-764E-403F-9AB0-84BE6C8FA3F0}.Release|Any CPU.Build.0 = Release|Any CPU
	EndGlobalSection
	GlobalSection(SolutionProperties) = preSolution
		HideSolutionNode = FALSE
	EndGlobalSection
	GlobalSection(ExtensibilityGlobals) = postSolution
		SolutionGuid = {AA084408-9FED-4550-9102-D6E97820A4F5}
	EndGlobalSection
EndGlobal
